<?xml version="1.0" encoding="utf-8"?>
<Project ToolsVersion="4.0" xmlns="http://schemas.microsoft.com/developer/msbuild/2003">
  <ItemGroup>
    <Filter Include="Game Files">
      <UniqueIdentifier>{78f42027-c3e5-4ba6-a5f6-a355bce5032b}</UniqueIdentifier>
    </Filter>
    <Filter Include="Game Files\Components">
      <UniqueIdentifier>{e533416f-2046-45ff-b473-4ce2235ed2a0}</UniqueIdentifier>
    </Filter>
    <Filter Include="Engine Files">
      <UniqueIdentifier>{4FC737F1-C7A5-4376-A066-2A32D752A2FF}</UniqueIdentifier>
      <Extensions>cpp;c;cc;cxx;def;odl;idl;hpj;bat;asm;asmx</Extensions>
    </Filter>
    <Filter Include="Engine Files\Input">
      <UniqueIdentifier>{2e170fe4-c2e6-4553-9ebd-69084c6d4799}</UniqueIdentifier>
    </Filter>
    <Filter Include="Engine Files\Rendering">
      <UniqueIdentifier>{ddb74285-784f-4033-8a97-a46110649440}</UniqueIdentifier>
    </Filter>
    <Filter Include="Engine Files\Scene">
      <UniqueIdentifier>{c4a3f1ab-4ee3-4f11-9d8c-43f205cc3b40}</UniqueIdentifier>
    </Filter>
    <Filter Include="Other Files">
      <UniqueIdentifier>{93995380-89BD-4b04-88EB-625FBE52EBFB}</UniqueIdentifier>
      <Extensions>h;hh;hpp;hxx;hm;inl;inc;xsd</Extensions>
    </Filter>
    <Filter Include="Engine Files\Rendering\ImGui Files">
      <UniqueIdentifier>{4fc33164-9700-4514-8729-c8ebb606fafb}</UniqueIdentifier>
    </Filter>
    <Filter Include="Engine Files\Input\Commands">
      <UniqueIdentifier>{870c4db0-9c94-404b-b6d5-1753a8025371}</UniqueIdentifier>
    </Filter>
    <Filter Include="Engine Files\Input\Input Manager">
      <UniqueIdentifier>{8d4b1216-ce2d-4d42-84df-020d4b3d14bf}</UniqueIdentifier>
    </Filter>
    <Filter Include="Engine Files\MainFiles">
      <UniqueIdentifier>{af3bdd13-5aab-415d-b912-665f855915ec}</UniqueIdentifier>
    </Filter>
    <Filter Include="Game Files\GameObjects">
      <UniqueIdentifier>{c9b1459b-c664-4bb3-8c46-9e4998ee4223}</UniqueIdentifier>
    </Filter>
    <Filter Include="Pacman Manager">
      <UniqueIdentifier>{b495246e-c922-40cc-91dd-96789de89f77}</UniqueIdentifier>
    </Filter>
    <Filter Include="Other Files\Observer">
      <UniqueIdentifier>{67DA6AB6-F800-4c08-8B7A-83BB121AAD01}</UniqueIdentifier>
      <Extensions>rc;ico;cur;bmp;dlg;rc2;rct;bin;rgs;gif;jpg;jpeg;jpe;resx;tiff;tif;png;wav;mfcribbon-ms</Extensions>
    </Filter>
    <Filter Include="Map">
      <UniqueIdentifier>{57b6ff21-1764-42f3-b885-face8063448c}</UniqueIdentifier>
    </Filter>
  </ItemGroup>
  <ItemGroup>
    <ClInclude Include="Singleton.h">
      <Filter>Other Files</Filter>
    </ClInclude>
    <ClInclude Include="RenderComponent.h">
      <Filter>Game Files\Components</Filter>
    </ClInclude>
    <ClInclude Include="FPSComponent.h">
      <Filter>Game Files\Components</Filter>
    </ClInclude>
    <ClInclude Include="Component.h">
      <Filter>Game Files\Components</Filter>
    </ClInclude>
    <ClInclude Include="TextComponent.h">
      <Filter>Game Files\Components</Filter>
    </ClInclude>
    <ClInclude Include="RotatorComponent.h">
      <Filter>Game Files\Components</Filter>
    </ClInclude>
    <ClInclude Include="imstb_truetype.h">
      <Filter>Engine Files\Rendering\ImGui Files</Filter>
    </ClInclude>
    <ClInclude Include="imconfig.h">
      <Filter>Engine Files\Rendering\ImGui Files</Filter>
    </ClInclude>
    <ClInclude Include="imgui.h">
      <Filter>Engine Files\Rendering\ImGui Files</Filter>
    </ClInclude>
    <ClInclude Include="imgui_impl_opengl2.h">
      <Filter>Engine Files\Rendering\ImGui Files</Filter>
    </ClInclude>
    <ClInclude Include="imgui_impl_sdl2.h">
      <Filter>Engine Files\Rendering\ImGui Files</Filter>
    </ClInclude>
    <ClInclude Include="imgui_internal.h">
      <Filter>Engine Files\Rendering\ImGui Files</Filter>
    </ClInclude>
    <ClInclude Include="imstb_rectpack.h">
      <Filter>Engine Files\Rendering\ImGui Files</Filter>
    </ClInclude>
    <ClInclude Include="imstb_textedit.h">
      <Filter>Engine Files\Rendering\ImGui Files</Filter>
    </ClInclude>
    <ClInclude Include="GameObject.h">
      <Filter>Game Files</Filter>
    </ClInclude>
    <ClInclude Include="GraphComponent.h">
      <Filter>Game Files\Components</Filter>
    </ClInclude>
    <ClInclude Include="CombinedGraphComponent.h">
      <Filter>Game Files\Components</Filter>
    </ClInclude>
    <ClInclude Include="Scene.h">
      <Filter>Engine Files\Scene</Filter>
    </ClInclude>
    <ClInclude Include="SceneManager.h">
      <Filter>Engine Files\Scene</Filter>
    </ClInclude>
    <ClInclude Include="Renderer.h">
      <Filter>Engine Files\Rendering</Filter>
    </ClInclude>
    <ClInclude Include="Texture2D.h">
      <Filter>Engine Files\Rendering</Filter>
    </ClInclude>
    <ClInclude Include="Transform.h">
      <Filter>Game Files</Filter>
    </ClInclude>
    <ClInclude Include="Font.h">
      <Filter>Engine Files\Rendering</Filter>
    </ClInclude>
    <ClInclude Include="InputManager.h">
      <Filter>Engine Files\Input</Filter>
    </ClInclude>
    <ClInclude Include="imgui_plot.h">
      <Filter>Engine Files\Rendering\ImGui Files</Filter>
    </ClInclude>
    <ClInclude Include="ResourceManager.h">
      <Filter>Engine Files\Rendering</Filter>
    </ClInclude>
    <ClInclude Include="Controller.h">
      <Filter>Engine Files\Input</Filter>
    </ClInclude>
    <ClInclude Include="Command.h">
      <Filter>Engine Files\Input\Commands</Filter>
    </ClInclude>
    <ClInclude Include="UpdatePositionCommand.h">
      <Filter>Engine Files\Input\Commands</Filter>
    </ClInclude>
    <ClInclude Include="SetPositionCommand.h">
      <Filter>Engine Files\Input\Commands</Filter>
    </ClInclude>
    <ClInclude Include="Keyboard.h">
      <Filter>Engine Files\Input</Filter>
    </ClInclude>
    <ClInclude Include="AnimationComponent.h">
      <Filter>Game Files\Components</Filter>
    </ClInclude>
    <ClInclude Include="Observer.h">
      <Filter>Other Files</Filter>
    </ClInclude>
    <ClInclude Include="Subject.h">
      <Filter>Other Files</Filter>
    </ClInclude>
    <ClInclude Include="StartInfoComponent.h">
      <Filter>Game Files\Components</Filter>
    </ClInclude>
    <ClInclude Include="PacmanManager.h">
      <Filter>Pacman Manager</Filter>
    </ClInclude>
    <ClInclude Include="SetMoveDirectionCommand.h">
      <Filter>Engine Files\Input\Commands</Filter>
    </ClInclude>
    <ClInclude Include="Mouse.h">
      <Filter>Engine Files\Input</Filter>
    </ClInclude>
    <ClInclude Include="ColliderComponent.h">
      <Filter>Game Files\Components</Filter>
    </ClInclude>
    <ClInclude Include="ToggleMuteCommand.h">
      <Filter>Engine Files\Input\Commands</Filter>
    </ClInclude>
    <ClInclude Include="NextSceneCommand.h">
      <Filter>Engine Files\Input\Commands</Filter>
    </ClInclude>
    <ClInclude Include="Minigin.h">
      <Filter>Engine Files\MainFiles</Filter>
    </ClInclude>
    <ClInclude Include="Map.h">
      <Filter>Map</Filter>
    </ClInclude>
    <ClInclude Include="Helper.h">
      <Filter>Other Files</Filter>
    </ClInclude>
    <ClInclude Include="AIComponent.h">
      <Filter>Game Files\Components</Filter>
    </ClInclude>
    <ClInclude Include="GameMode.h">
      <Filter>Other Files</Filter>
    </ClInclude>
  </ItemGroup>
  <ItemGroup>
    <ClCompile Include="RenderComponent.cpp">
      <Filter>Game Files\Components</Filter>
    </ClCompile>
    <ClCompile Include="Component.cpp">
      <Filter>Game Files\Components</Filter>
    </ClCompile>
    <ClCompile Include="FPSComponent.cpp">
      <Filter>Game Files\Components</Filter>
    </ClCompile>
    <ClCompile Include="TextComponent.cpp">
      <Filter>Game Files\Components</Filter>
    </ClCompile>
    <ClCompile Include="RotatorComponent.cpp">
      <Filter>Game Files\Components</Filter>
    </ClCompile>
    <ClCompile Include="imgui.cpp">
      <Filter>Engine Files\Rendering\ImGui Files</Filter>
    </ClCompile>
    <ClCompile Include="imgui_demo.cpp">
      <Filter>Engine Files\Rendering\ImGui Files</Filter>
    </ClCompile>
    <ClCompile Include="imgui_draw.cpp">
      <Filter>Engine Files\Rendering\ImGui Files</Filter>
    </ClCompile>
    <ClCompile Include="imgui_impl_opengl2.cpp">
      <Filter>Engine Files\Rendering\ImGui Files</Filter>
    </ClCompile>
    <ClCompile Include="imgui_impl_sdl2.cpp">
      <Filter>Engine Files\Rendering\ImGui Files</Filter>
    </ClCompile>
    <ClCompile Include="imgui_tables.cpp">
      <Filter>Engine Files\Rendering\ImGui Files</Filter>
    </ClCompile>
    <ClCompile Include="imgui_widgets.cpp">
      <Filter>Engine Files\Rendering\ImGui Files</Filter>
    </ClCompile>
    <ClCompile Include="GameObject.cpp">
      <Filter>Game Files</Filter>
    </ClCompile>
    <ClCompile Include="GraphComponent.cpp">
      <Filter>Game Files\Components</Filter>
    </ClCompile>
    <ClCompile Include="CombinedGraphComponent.cpp">
      <Filter>Game Files\Components</Filter>
    </ClCompile>
    <ClCompile Include="InputManager.cpp">
      <Filter>Engine Files\Input</Filter>
    </ClCompile>
    <ClCompile Include="Font.cpp">
      <Filter>Engine Files\Rendering</Filter>
    </ClCompile>
    <ClCompile Include="Texture2D.cpp">
      <Filter>Engine Files\Rendering</Filter>
    </ClCompile>
    <ClCompile Include="Renderer.cpp">
      <Filter>Engine Files\Rendering</Filter>
    </ClCompile>
    <ClCompile Include="ResourceManager.cpp">
      <Filter>Engine Files\Rendering</Filter>
    </ClCompile>
    <ClCompile Include="Transform.cpp">
      <Filter>Game Files</Filter>
    </ClCompile>
    <ClCompile Include="Scene.cpp">
      <Filter>Engine Files\Scene</Filter>
    </ClCompile>
    <ClCompile Include="SceneManager.cpp">
      <Filter>Engine Files\Scene</Filter>
    </ClCompile>
    <ClCompile Include="imgui_plot.cpp">
      <Filter>Engine Files\Rendering\ImGui Files</Filter>
    </ClCompile>
    <ClCompile Include="Exercises.cpp">
      <Filter>Other Files</Filter>
    </ClCompile>
    <ClCompile Include="Controller.cpp">
      <Filter>Engine Files\Input</Filter>
    </ClCompile>
    <ClCompile Include="Command.cpp">
      <Filter>Engine Files\Input\Commands</Filter>
    </ClCompile>
    <ClCompile Include="UpdatePositionCommand.cpp">
      <Filter>Engine Files\Input\Commands</Filter>
    </ClCompile>
    <ClCompile Include="SetPositionCommand.cpp">
      <Filter>Engine Files\Input\Commands</Filter>
    </ClCompile>
    <ClCompile Include="Keyboard.cpp">
      <Filter>Engine Files\Input</Filter>
    </ClCompile>
    <ClCompile Include="AnimationComponent.cpp">
      <Filter>Game Files\Components</Filter>
    </ClCompile>
    <ClCompile Include="Observer.cpp">
      <Filter>Other Files</Filter>
    </ClCompile>
    <ClCompile Include="Subject.cpp">
      <Filter>Other Files\Observer</Filter>
    </ClCompile>
    <ClCompile Include="StartInfoComponent.cpp">
      <Filter>Game Files\Components</Filter>
    </ClCompile>
    <ClCompile Include="PacmanManager.cpp">
      <Filter>Pacman Manager</Filter>
    </ClCompile>
    <ClCompile Include="SetMoveDirectionCommand.cpp">
      <Filter>Engine Files\Input\Commands</Filter>
    </ClCompile>
    <ClCompile Include="Mouse.cpp">
      <Filter>Engine Files\Input</Filter>
    </ClCompile>
    <ClCompile Include="ColliderComponent.cpp">
      <Filter>Game Files\Components</Filter>
    </ClCompile>
    <ClCompile Include="ToggleMuteCommand.cpp">
      <Filter>Engine Files\Input\Commands</Filter>
    </ClCompile>
    <ClCompile Include="NextSceneCommand.cpp">
      <Filter>Engine Files\Input\Commands</Filter>
    </ClCompile>
    <ClCompile Include="Main.cpp">
      <Filter>Engine Files\MainFiles</Filter>
    </ClCompile>
    <ClCompile Include="Minigin.cpp">
      <Filter>Engine Files\MainFiles</Filter>
    </ClCompile>
    <ClCompile Include="Map.cpp">
      <Filter>Map</Filter>
    </ClCompile>
    <ClCompile Include="Helper.cpp">
      <Filter>Engine Files</Filter>
    </ClCompile>
    <ClCompile Include="AIComponent.cpp">
      <Filter>Game Files\Components</Filter>
    </ClCompile>
  </ItemGroup>
</Project>